
Microsoft Visual Studio Solution File, Format Version 12.00
# Visual Studio Version 17
VisualStudioVersion = 17.5.33530.505
MinimumVisualStudioVersion = 10.0.40219.1
Project("{9A19103F-16F7-4668-BE54-9A1E7A4F7556}") = "ProxiFyre", "src\ProxiFyre\ProxiFyre.csproj", "{A1A4E931-740F-4CD4-9D81-2A49D114EDFF}"
EndProject
Project("{2150E333-8FDC-42A3-9474-1A3956D46DE8}") = "Solution Items", "Solution Items", "{8EC462FD-D22E-90A8-E5CE-7E832BA40C5D}"
	ProjectSection(SolutionItems) = preProject
		README.md = README.md
	EndProjectSection
EndProject
Project("{2150E333-8FDC-42A3-9474-1A3956D46DE8}") = "src", "src", "{827E0CD3-B72D-47B6-A68D-7590B98EB39B}"
EndProject
Project("{FAE04EC0-301F-11D3-BF4B-00C04F79EFBC}") = "TrafficTest", "src\TrafficTest\TrafficTest.csproj", "{6730F96C-AB8B-4A46-B429-46C0E8FB47B5}"
EndProject
Global
	GlobalSection(SolutionConfigurationPlatforms) = preSolution
		Debug|Any CPU = Debug|Any CPU
		Debug|x64 = Debug|x64
		Debug|x86 = Debug|x86
		Release|Any CPU = Release|Any CPU
		Release|x64 = Release|x64
		Release|x86 = Release|x86
	EndGlobalSection
	GlobalSection(ProjectConfigurationPlatforms) = postSolution
		{A1A4E931-740F-4CD4-9D81-2A49D114EDFF}.Debug|Any CPU.ActiveCfg = Debug|Any CPU
		{A1A4E931-740F-4CD4-9D81-2A49D114EDFF}.Debug|Any CPU.Build.0 = Debug|Any CPU
		{A1A4E931-740F-4CD4-9D81-2A49D114EDFF}.Debug|x64.ActiveCfg = Debug|Any CPU
		{A1A4E931-740F-4CD4-9D81-2A49D114EDFF}.Debug|x64.Build.0 = Debug|Any CPU
		{A1A4E931-740F-4CD4-9D81-2A49D114EDFF}.Debug|x86.ActiveCfg = Debug|Any CPU
		{A1A4E931-740F-4CD4-9D81-2A49D114EDFF}.Debug|x86.Build.0 = Debug|Any CPU
		{A1A4E931-740F-4CD4-9D81-2A49D114EDFF}.Release|Any CPU.ActiveCfg = Release|Any CPU
		{A1A4E931-740F-4CD4-9D81-2A49D114EDFF}.Release|Any CPU.Build.0 = Release|Any CPU
		{A1A4E931-740F-4CD4-9D81-2A49D114EDFF}.Release|x64.ActiveCfg = Release|Any CPU
		{A1A4E931-740F-4CD4-9D81-2A49D114EDFF}.Release|x64.Build.0 = Release|Any CPU
		{A1A4E931-740F-4CD4-9D81-2A49D114EDFF}.Release|x86.ActiveCfg = Release|Any CPU
		{A1A4E931-740F-4CD4-9D81-2A49D114EDFF}.Release|x86.Build.0 = Release|Any CPU
		{6730F96C-AB8B-4A46-B429-46C0E8FB47B5}.Debug|Any CPU.ActiveCfg = Debug|Any CPU
		{6730F96C-AB8B-4A46-B429-46C0E8FB47B5}.Debug|Any CPU.Build.0 = Debug|Any CPU
		{6730F96C-AB8B-4A46-B429-46C0E8FB47B5}.Debug|x64.ActiveCfg = Debug|Any CPU
		{6730F96C-AB8B-4A46-B429-46C0E8FB47B5}.Debug|x64.Build.0 = Debug|Any CPU
		{6730F96C-AB8B-4A46-B429-46C0E8FB47B5}.Debug|x86.ActiveCfg = Debug|Any CPU
		{6730F96C-AB8B-4A46-B429-46C0E8FB47B5}.Debug|x86.Build.0 = Debug|Any CPU
		{6730F96C-AB8B-4A46-B429-46C0E8FB47B5}.Release|Any CPU.ActiveCfg = Release|Any CPU
		{6730F96C-AB8B-4A46-B429-46C0E8FB47B5}.Release|Any CPU.Build.0 = Release|Any CPU
		{6730F96C-AB8B-4A46-B429-46C0E8FB47B5}.Release|x64.ActiveCfg = Release|Any CPU
		{6730F96C-AB8B-4A46-B429-46C0E8FB47B5}.Release|x64.Build.0 = Release|Any CPU
		{6730F96C-AB8B-4A46-B429-46C0E8FB47B5}.Release|x86.ActiveCfg = Release|Any CPU
		{6730F96C-AB8B-4A46-B429-46C0E8FB47B5}.Release|x86.Build.0 = Release|Any CPU
	EndGlobalSection
	GlobalSection(SolutionProperties) = preSolution
		HideSolutionNode = FALSE
	EndGlobalSection
	GlobalSection(NestedProjects) = preSolution
		{6730F96C-AB8B-4A46-B429-46C0E8FB47B5} = {827E0CD3-B72D-47B6-A68D-7590B98EB39B}
	EndGlobalSection
	GlobalSection(ExtensibilityGlobals) = postSolution
		SolutionGuid = {BCEEFCF1-146F-464B-ABC0-C021AE679177}
	EndGlobalSection
EndGlobal
